
Microsoft Visual Studio Solution File, Format Version 12.00
# Visual Studio Version 16
VisualStudioVersion = 16.0.31019.35
MinimumVisualStudioVersion = 10.0.40219.1
Project("{9A19103F-16F7-4668-BE54-9A1E7A4F7556}") = "EditorCorePlus", "EditorCorePlus\EditorCorePlus.csproj", "{B04A79CE-581E-4379-871B-6300C7CC90D8}"
EndProject
Project("{9A19103F-16F7-4668-BE54-9A1E7A4F7556}") = "Syroot.BinaryData", "Syroot.IO.BinaryData 2.0.0\Syroot.BinaryData.csproj", "{F4F92969-2410-4F5B-9B0B-CE0A04AD5627}"
EndProject
Global
	GlobalSection(SolutionConfigurationPlatforms) = preSolution
		Debug|Any CPU = Debug|Any CPU
		Release|Any CPU = Release|Any CPU
	EndGlobalSection
	GlobalSection(ProjectConfigurationPlatforms) = postSolution
		{B04A79CE-581E-4379-871B-6300C7CC90D8}.Debug|Any CPU.ActiveCfg = Debug|Any CPU
		{B04A79CE-581E-4379-871B-6300C7CC90D8}.Debug|Any CPU.Build.0 = Debug|Any CPU
		{B04A79CE-581E-4379-871B-6300C7CC90D8}.Release|Any CPU.ActiveCfg = Release|Any CPU
		{B04A79CE-581E-4379-871B-6300C7CC90D8}.Release|Any CPU.Build.0 = Release|Any CPU
		{F4F92969-2410-4F5B-9B0B-CE0A04AD5627}.Debug|Any CPU.ActiveCfg = Debug|Any CPU
		{F4F92969-2410-4F5B-9B0B-CE0A04AD5627}.Debug|Any CPU.Build.0 = Debug|Any CPU
		{F4F92969-2410-4F5B-9B0B-CE0A04AD5627}.Release|Any CPU.ActiveCfg = Release|Any CPU
		{F4F92969-2410-4F5B-9B0B-CE0A04AD5627}.Release|Any CPU.Build.0 = Release|Any CPU
	EndGlobalSection
	GlobalSection(SolutionProperties) = preSolution
		HideSolutionNode = FALSE
	EndGlobalSection
	GlobalSection(ExtensibilityGlobals) = postSolution
		SolutionGuid = {3DD6D7ED-0445-4D37-9C12-A7B74A55F841}
	EndGlobalSection
EndGlobal
